<?xml version="1.0" encoding="utf-8"?>
<Project ToolsVersion="4.0" xmlns="http://schemas.microsoft.com/developer/msbuild/2003">
  <ItemGroup>
    <Filter Include="app">
      <UniqueIdentifier>{6a6c24bd-7110-4436-97af-07990da17abf}</UniqueIdentifier>
    </Filter>
    <Filter Include="app\RtAudioMidi">
      <UniqueIdentifier>{ef87c677-1479-44bc-aef8-7ba960ef233d}</UniqueIdentifier>
    </Filter>
    <Filter Include="app\ASIO_SDK">
      <UniqueIdentifier>{b91b9db4-5584-4959-a395-7394ba3cf5a3}</UniqueIdentifier>
    </Filter>
    <Filter Include="Gamma">
      <UniqueIdentifier>{38ac297b-9635-4fa1-b6d9-8c3b50b8f937}</UniqueIdentifier>
    </Filter>
    <Filter Include="Gamma\src">
      <UniqueIdentifier>{3ca4553d-7259-4efb-9b91-2d9614a56f35}</UniqueIdentifier>
    </Filter>
    <Filter Include="Gamma\include">
      <UniqueIdentifier>{373edd4e-056f-4425-a944-55ca44fccb1a}</UniqueIdentifier>
    </Filter>
  </ItemGroup>
  <ItemGroup>
    <ClInclude Include="..\..\WDL\rtaudiomidi\RtAudio.h">
      <Filter>app\RtAudioMidi</Filter>
    </ClInclude>
    <ClInclude Include="..\..\WDL\rtaudiomidi\RtError.h">
      <Filter>app\RtAudioMidi</Filter>
    </ClInclude>
    <ClInclude Include="..\..\WDL\rtaudiomidi\RtMidi.h">
      <Filter>app\RtAudioMidi</Filter>
    </ClInclude>
    <ClInclude Include="..\..\ASIO_SDK\asiosys.h">
      <Filter>app\ASIO_SDK</Filter>
    </ClInclude>
    <ClInclude Include="..\..\ASIO_SDK\ginclude.h">
      <Filter>app\ASIO_SDK</Filter>
    </ClInclude>
    <ClInclude Include="..\..\ASIO_SDK\iasiodrv.h">
      <Filter>app\ASIO_SDK</Filter>
    </ClInclude>
    <ClInclude Include="..\..\ASIO_SDK\asio.h">
      <Filter>app\ASIO_SDK</Filter>
    </ClInclude>
    <ClInclude Include="..\..\ASIO_SDK\asiodrivers.h">
      <Filter>app\ASIO_SDK</Filter>
    </ClInclude>
    <ClInclude Include="..\..\ASIO_SDK\asiolist.h">
      <Filter>app\ASIO_SDK</Filter>
    </ClInclude>
    <ClInclude Include="app_wrapper\app_main.h">
      <Filter>app</Filter>
    </ClInclude>
    <ClInclude Include="resource.h" />
    <ClInclude Include="IPlugGamma.h" />
    <ClInclude Include="..\..\WDL\IPlug\IPlugStandalone.h">
      <Filter>app</Filter>
    </ClInclude>
    <ClInclude Include="app_wrapper\app_resource.h" />
    <ClInclude Include="Gamma\src\fftpack++.h">
      <Filter>Gamma\src</Filter>
    </ClInclude>
    <ClInclude Include="Gamma\Gamma\Access.h">
      <Filter>Gamma\include</Filter>
    </ClInclude>
    <ClInclude Include="Gamma\Gamma\Allocator.h">
      <Filter>Gamma\include</Filter>
    </ClInclude>
    <ClInclude Include="Gamma\Gamma\Analysis.h">
      <Filter>Gamma\include</Filter>
    </ClInclude>
    <ClInclude Include="Gamma\Gamma\arr.h">
      <Filter>Gamma\include</Filter>
    </ClInclude>
    <ClInclude Include="Gamma\Gamma\Config.h">
      <Filter>Gamma\include</Filter>
    </ClInclude>
    <ClInclude Include="Gamma\Gamma\Constants.h">
      <Filter>Gamma\include</Filter>
    </ClInclude>
    <ClInclude Include="Gamma\Gamma\Containers.h">
      <Filter>Gamma\include</Filter>
    </ClInclude>
    <ClInclude Include="Gamma\Gamma\Conversion.h">
      <Filter>Gamma\include</Filter>
    </ClInclude>
    <ClInclude Include="Gamma\Gamma\Delay.h">
      <Filter>Gamma\include</Filter>
    </ClInclude>
    <ClInclude Include="Gamma\Gamma\DFT.h">
      <Filter>Gamma\include</Filter>
    </ClInclude>
    <ClInclude Include="Gamma\Gamma\Domain.h">
      <Filter>Gamma\include</Filter>
    </ClInclude>
    <ClInclude Include="Gamma\Gamma\Effects.h">
      <Filter>Gamma\include</Filter>
    </ClInclude>
    <ClInclude Include="Gamma\Gamma\Envelope.h">
      <Filter>Gamma\include</Filter>
    </ClInclude>
    <ClInclude Include="Gamma\Gamma\FFT.h">
      <Filter>Gamma\include</Filter>
    </ClInclude>
    <ClInclude Include="Gamma\Gamma\File.h">
      <Filter>Gamma\include</Filter>
    </ClInclude>
    <ClInclude Include="Gamma\Gamma\Filter.h">
      <Filter>Gamma\include</Filter>
    </ClInclude>
    <ClInclude Include="Gamma\Gamma\FormantData.h">
      <Filter>Gamma\include</Filter>
    </ClInclude>
    <ClInclude Include="Gamma\Gamma\Gamma.h">
      <Filter>Gamma\include</Filter>
    </ClInclude>
    <ClInclude Include="Gamma\Gamma\gen.h">
      <Filter>Gamma\include</Filter>
    </ClInclude>
    <ClInclude Include="Gamma\Gamma\ipl.h">
      <Filter>Gamma\include</Filter>
    </ClInclude>
    <ClInclude Include="Gamma\Gamma\mem.h">
      <Filter>Gamma\include</Filter>
    </ClInclude>
    <ClInclude Include="Gamma\Gamma\Node.h">
      <Filter>Gamma\include</Filter>
    </ClInclude>
    <ClInclude Include="Gamma\Gamma\Noise.h">
      <Filter>Gamma\include</Filter>
    </ClInclude>
    <ClInclude Include="Gamma\Gamma\Oscillator.h">
      <Filter>Gamma\include</Filter>
    </ClInclude>
    <ClInclude Include="Gamma\Gamma\Print.h">
      <Filter>Gamma\include</Filter>
    </ClInclude>
    <ClInclude Include="Gamma\Gamma\pstdint.h">
      <Filter>Gamma\include</Filter>
    </ClInclude>
    <ClInclude Include="Gamma\Gamma\Recorder.h">
      <Filter>Gamma\include</Filter>
    </ClInclude>
    <ClInclude Include="Gamma\Gamma\rnd.h">
      <Filter>Gamma\include</Filter>
    </ClInclude>
    <ClInclude Include="Gamma\Gamma\SamplePlayer.h">
      <Filter>Gamma\include</Filter>
    </ClInclude>
    <ClInclude Include="Gamma\Gamma\scl.h">
      <Filter>Gamma\include</Filter>
    </ClInclude>
    <ClInclude Include="Gamma\Gamma\Spatial.h">
      <Filter>Gamma\include</Filter>
    </ClInclude>
    <ClInclude Include="Gamma\Gamma\Strategy.h">
      <Filter>Gamma\include</Filter>
    </ClInclude>
    <ClInclude Include="Gamma\Gamma\Sync.h">
      <Filter>Gamma\include</Filter>
    </ClInclude>
    <ClInclude Include="Gamma\Gamma\tbl.h">
      <Filter>Gamma\include</Filter>
    </ClInclude>
    <ClInclude Include="Gamma\Gamma\Thread.h">
      <Filter>Gamma\include</Filter>
    </ClInclude>
    <ClInclude Include="Gamma\Gamma\Timer.h">
      <Filter>Gamma\include</Filter>
    </ClInclude>
    <ClInclude Include="Gamma\Gamma\TransferFunc.h">
      <Filter>Gamma\include</Filter>
    </ClInclude>
    <ClInclude Include="Gamma\Gamma\Types.h">
      <Filter>Gamma\include</Filter>
    </ClInclude>
    <ClInclude Include="Gamma\Gamma\UnitMaps.h">
      <Filter>Gamma\include</Filter>
    </ClInclude>
  </ItemGroup>
  <ItemGroup>
    <ClCompile Include="..\..\WDL\rtaudiomidi\RtAudio.cpp">
      <Filter>app\RtAudioMidi</Filter>
    </ClCompile>
    <ClCompile Include="..\..\WDL\rtaudiomidi\RtMidi.cpp">
      <Filter>app\RtAudioMidi</Filter>
    </ClCompile>
    <ClCompile Include="..\..\ASIO_SDK\asio.cpp">
      <Filter>app\ASIO_SDK</Filter>
    </ClCompile>
    <ClCompile Include="..\..\ASIO_SDK\asiodrivers.cpp">
      <Filter>app\ASIO_SDK</Filter>
    </ClCompile>
    <ClCompile Include="..\..\ASIO_SDK\asiolist.cpp">
      <Filter>app\ASIO_SDK</Filter>
    </ClCompile>
    <ClCompile Include="app_wrapper\app_dialog.cpp">
      <Filter>app</Filter>
    </ClCompile>
    <ClCompile Include="app_wrapper\app_main.cpp">
      <Filter>app</Filter>
    </ClCompile>
    <ClCompile Include="IPlugGamma.cpp" />
    <ClCompile Include="..\..\WDL\IPlug\IPlugStandalone.cpp">
      <Filter>app</Filter>
    </ClCompile>
    <ClCompile Include="Gamma\src\arr.cpp">
      <Filter>Gamma\src</Filter>
    </ClCompile>
    <ClCompile Include="Gamma\src\Conversion.cpp">
      <Filter>Gamma\src</Filter>
    </ClCompile>
    <ClCompile Include="Gamma\src\DFT.cpp">
      <Filter>Gamma\src</Filter>
    </ClCompile>
    <ClCompile Include="Gamma\src\Domain.cpp">
      <Filter>Gamma\src</Filter>
    </ClCompile>
    <ClCompile Include="Gamma\src\FFT_fftpack.cpp">
      <Filter>Gamma\src</Filter>
    </ClCompile>
    <ClCompile Include="Gamma\src\fftpack++1.cpp">
      <Filter>Gamma\src</Filter>
    </ClCompile>
    <ClCompile Include="Gamma\src\fftpack++2.cpp">
      <Filter>Gamma\src</Filter>
    </ClCompile>
    <ClCompile Include="Gamma\src\File.cpp">
      <Filter>Gamma\src</Filter>
    </ClCompile>
    <ClCompile Include="Gamma\src\Print.cpp">
      <Filter>Gamma\src</Filter>
    </ClCompile>
    <ClCompile Include="Gamma\src\Recorder.cpp">
      <Filter>Gamma\src</Filter>
    </ClCompile>
    <ClCompile Include="Gamma\src\scl.cpp">
      <Filter>Gamma\src</Filter>
    </ClCompile>
  </ItemGroup>
  <ItemGroup>
    <ResourceCompile Include="IPlugGamma.rc" />
  </ItemGroup>
  <ItemGroup>
    <None Include="Gamma\src\fftpack++.inc">
      <Filter>Gamma\src</Filter>
    </None>
  </ItemGroup>
</Project>