<?xml version="1.0" encoding="utf-8"?>
<Project ToolsVersion="4.0" xmlns="http://schemas.microsoft.com/developer/msbuild/2003">
  <ItemGroup>
    <Filter Include="Libs">
      <UniqueIdentifier>{73d47a52-ce2f-4264-9bb9-f0b3c16f889d}</UniqueIdentifier>
    </Filter>
    <Filter Include="IPlug">
      <UniqueIdentifier>{f61218de-bb49-4fd2-b3b8-d4d3a4f905de}</UniqueIdentifier>
    </Filter>
    <Filter Include="IPlug\RTAS">
      <UniqueIdentifier>{f55aca3b-4b35-490a-99d6-51d6724f0396}</UniqueIdentifier>
    </Filter>
    <Filter Include="IPlug\RTAS\include">
      <UniqueIdentifier>{13073ee3-c4e8-497c-b935-b091b14197c2}</UniqueIdentifier>
    </Filter>
    <Filter Include="Gamma">
      <UniqueIdentifier>{856e7b23-a24b-4680-9561-3723c8d218cd}</UniqueIdentifier>
    </Filter>
    <Filter Include="Gamma\src">
      <UniqueIdentifier>{7c56c9b1-6af9-4fe5-895a-1563d030ec2f}</UniqueIdentifier>
    </Filter>
    <Filter Include="Gamma\include">
      <UniqueIdentifier>{5e070898-563e-4144-9895-613a77d5609b}</UniqueIdentifier>
    </Filter>
  </ItemGroup>
  <ItemGroup>
    <Library Include="..\..\PT9_SDK\WinBag\Release\lib\DAE.lib">
      <Filter>Libs</Filter>
    </Library>
    <Library Include="..\..\PT9_SDK\WinBag\Release\lib\DigiExt.lib">
      <Filter>Libs</Filter>
    </Library>
    <Library Include="..\..\PT9_SDK\WinBag\Release\lib\DSI.lib">
      <Filter>Libs</Filter>
    </Library>
    <Library Include="..\..\PT9_SDK\WinBag\Release\lib\PlugInLib.lib">
      <Filter>Libs</Filter>
    </Library>
    <Library Include="..\..\PT9_SDK\WinBag\Release\lib\DSPManager.lib">
      <Filter>Libs</Filter>
    </Library>
    <Library Include="..\..\PT9_SDK\WinBag\Release\lib\DSPManagerClientLib.lib">
      <Filter>Libs</Filter>
    </Library>
    <Library Include="..\..\PT9_SDK\WinBag\Release\lib\RTASClientLib.lib">
      <Filter>Libs</Filter>
    </Library>
  </ItemGroup>
  <ItemGroup>
    <ClInclude Include="..\..\WDL\IPlug\Containers.h">
      <Filter>IPlug</Filter>
    </ClInclude>
    <ClInclude Include="..\..\WDL\IPlug\Hosts.h">
      <Filter>IPlug</Filter>
    </ClInclude>
    <ClInclude Include="..\..\WDL\IPlug\IBitmapMonoText.h">
      <Filter>IPlug</Filter>
    </ClInclude>
    <ClInclude Include="..\..\WDL\IPlug\IControl.h">
      <Filter>IPlug</Filter>
    </ClInclude>
    <ClInclude Include="..\..\WDL\IPlug\IGraphics.h">
      <Filter>IPlug</Filter>
    </ClInclude>
    <ClInclude Include="..\..\WDL\IPlug\IGraphicsWin.h">
      <Filter>IPlug</Filter>
    </ClInclude>
    <ClInclude Include="..\..\WDL\IPlug\IKeyboardControl.h">
      <Filter>IPlug</Filter>
    </ClInclude>
    <ClInclude Include="..\..\WDL\IPlug\IMidiQueue.h">
      <Filter>IPlug</Filter>
    </ClInclude>
    <ClInclude Include="..\..\WDL\IPlug\IParam.h">
      <Filter>IPlug</Filter>
    </ClInclude>
    <ClInclude Include="..\..\WDL\IPlug\IPlug_include_in_plug_hdr.h">
      <Filter>IPlug</Filter>
    </ClInclude>
    <ClInclude Include="..\..\WDL\IPlug\IPlug_include_in_plug_src.h">
      <Filter>IPlug</Filter>
    </ClInclude>
    <ClInclude Include="..\..\WDL\IPlug\IPlugBase.h">
      <Filter>IPlug</Filter>
    </ClInclude>
    <ClInclude Include="..\..\WDL\IPlug\IPlugOSDetect.h">
      <Filter>IPlug</Filter>
    </ClInclude>
    <ClInclude Include="..\..\WDL\IPlug\IPlugRTAS.h">
      <Filter>IPlug</Filter>
    </ClInclude>
    <ClInclude Include="..\..\WDL\IPlug\IPlugStructs.h">
      <Filter>IPlug</Filter>
    </ClInclude>
    <ClInclude Include="..\..\WDL\IPlug\IPopupMenu.h">
      <Filter>IPlug</Filter>
    </ClInclude>
    <ClInclude Include="..\..\WDL\IPlug\Log.h">
      <Filter>IPlug</Filter>
    </ClInclude>
    <ClInclude Include="..\..\WDL\IPlug\RTAS\EditorInterface.h">
      <Filter>IPlug\RTAS</Filter>
    </ClInclude>
    <ClInclude Include="..\..\WDL\IPlug\RTAS\IPlugCustomUI.h">
      <Filter>IPlug\RTAS</Filter>
    </ClInclude>
    <ClInclude Include="..\..\WDL\IPlug\RTAS\IPlugDigiView.h">
      <Filter>IPlug\RTAS</Filter>
    </ClInclude>
    <ClInclude Include="..\..\WDL\IPlug\RTAS\IPlugGroup.h">
      <Filter>IPlug\RTAS</Filter>
    </ClInclude>
    <ClInclude Include="..\..\WDL\IPlug\RTAS\IPlugProcess.h">
      <Filter>IPlug\RTAS</Filter>
    </ClInclude>
    <ClInclude Include="..\..\WDL\IPlug\RTAS\IPlugProcessRTAS.h">
      <Filter>IPlug\RTAS</Filter>
    </ClInclude>
    <ClInclude Include="..\..\WDL\IPlug\RTAS\ProcessInterface.h">
      <Filter>IPlug\RTAS</Filter>
    </ClInclude>
    <ClInclude Include="..\..\WDL\IPlug\RTAS\digicode.h">
      <Filter>IPlug\RTAS\include</Filter>
    </ClInclude>
    <ClInclude Include="IPlugGamma.h" />
    <ClInclude Include="resource.h" />
    <ClInclude Include="..\..\WDL\IPlug\RTAS\IPlugProcessAS.h">
      <Filter>IPlug\RTAS</Filter>
    </ClInclude>
    <ClInclude Include="Gamma\src\fftpack++.h">
      <Filter>Gamma\src</Filter>
    </ClInclude>
    <ClInclude Include="Gamma\Gamma\Access.h">
      <Filter>Gamma\include</Filter>
    </ClInclude>
    <ClInclude Include="Gamma\Gamma\Allocator.h">
      <Filter>Gamma\include</Filter>
    </ClInclude>
    <ClInclude Include="Gamma\Gamma\Analysis.h">
      <Filter>Gamma\include</Filter>
    </ClInclude>
    <ClInclude Include="Gamma\Gamma\arr.h">
      <Filter>Gamma\include</Filter>
    </ClInclude>
    <ClInclude Include="Gamma\Gamma\Config.h">
      <Filter>Gamma\include</Filter>
    </ClInclude>
    <ClInclude Include="Gamma\Gamma\Constants.h">
      <Filter>Gamma\include</Filter>
    </ClInclude>
    <ClInclude Include="Gamma\Gamma\Containers.h">
      <Filter>Gamma\include</Filter>
    </ClInclude>
    <ClInclude Include="Gamma\Gamma\Conversion.h">
      <Filter>Gamma\include</Filter>
    </ClInclude>
    <ClInclude Include="Gamma\Gamma\Delay.h">
      <Filter>Gamma\include</Filter>
    </ClInclude>
    <ClInclude Include="Gamma\Gamma\DFT.h">
      <Filter>Gamma\include</Filter>
    </ClInclude>
    <ClInclude Include="Gamma\Gamma\Domain.h">
      <Filter>Gamma\include</Filter>
    </ClInclude>
    <ClInclude Include="Gamma\Gamma\Effects.h">
      <Filter>Gamma\include</Filter>
    </ClInclude>
    <ClInclude Include="Gamma\Gamma\Envelope.h">
      <Filter>Gamma\include</Filter>
    </ClInclude>
    <ClInclude Include="Gamma\Gamma\FFT.h">
      <Filter>Gamma\include</Filter>
    </ClInclude>
    <ClInclude Include="Gamma\Gamma\File.h">
      <Filter>Gamma\include</Filter>
    </ClInclude>
    <ClInclude Include="Gamma\Gamma\Filter.h">
      <Filter>Gamma\include</Filter>
    </ClInclude>
    <ClInclude Include="Gamma\Gamma\FormantData.h">
      <Filter>Gamma\include</Filter>
    </ClInclude>
    <ClInclude Include="Gamma\Gamma\Gamma.h">
      <Filter>Gamma\include</Filter>
    </ClInclude>
    <ClInclude Include="Gamma\Gamma\gen.h">
      <Filter>Gamma\include</Filter>
    </ClInclude>
    <ClInclude Include="Gamma\Gamma\ipl.h">
      <Filter>Gamma\include</Filter>
    </ClInclude>
    <ClInclude Include="Gamma\Gamma\mem.h">
      <Filter>Gamma\include</Filter>
    </ClInclude>
    <ClInclude Include="Gamma\Gamma\Node.h">
      <Filter>Gamma\include</Filter>
    </ClInclude>
    <ClInclude Include="Gamma\Gamma\Noise.h">
      <Filter>Gamma\include</Filter>
    </ClInclude>
    <ClInclude Include="Gamma\Gamma\Oscillator.h">
      <Filter>Gamma\include</Filter>
    </ClInclude>
    <ClInclude Include="Gamma\Gamma\Print.h">
      <Filter>Gamma\include</Filter>
    </ClInclude>
    <ClInclude Include="Gamma\Gamma\pstdint.h">
      <Filter>Gamma\include</Filter>
    </ClInclude>
    <ClInclude Include="Gamma\Gamma\Recorder.h">
      <Filter>Gamma\include</Filter>
    </ClInclude>
    <ClInclude Include="Gamma\Gamma\rnd.h">
      <Filter>Gamma\include</Filter>
    </ClInclude>
    <ClInclude Include="Gamma\Gamma\SamplePlayer.h">
      <Filter>Gamma\include</Filter>
    </ClInclude>
    <ClInclude Include="Gamma\Gamma\scl.h">
      <Filter>Gamma\include</Filter>
    </ClInclude>
    <ClInclude Include="Gamma\Gamma\Spatial.h">
      <Filter>Gamma\include</Filter>
    </ClInclude>
    <ClInclude Include="Gamma\Gamma\Strategy.h">
      <Filter>Gamma\include</Filter>
    </ClInclude>
    <ClInclude Include="Gamma\Gamma\Sync.h">
      <Filter>Gamma\include</Filter>
    </ClInclude>
    <ClInclude Include="Gamma\Gamma\tbl.h">
      <Filter>Gamma\include</Filter>
    </ClInclude>
    <ClInclude Include="Gamma\Gamma\Thread.h">
      <Filter>Gamma\include</Filter>
    </ClInclude>
    <ClInclude Include="Gamma\Gamma\Timer.h">
      <Filter>Gamma\include</Filter>
    </ClInclude>
    <ClInclude Include="Gamma\Gamma\TransferFunc.h">
      <Filter>Gamma\include</Filter>
    </ClInclude>
    <ClInclude Include="Gamma\Gamma\Types.h">
      <Filter>Gamma\include</Filter>
    </ClInclude>
    <ClInclude Include="Gamma\Gamma\UnitMaps.h">
      <Filter>Gamma\include</Filter>
    </ClInclude>
  </ItemGroup>
  <ItemGroup>
    <ClCompile Include="..\..\WDL\IPlug\Hosts.cpp">
      <Filter>IPlug</Filter>
    </ClCompile>
    <ClCompile Include="..\..\WDL\IPlug\IBitmapMonoText.cpp">
      <Filter>IPlug</Filter>
    </ClCompile>
    <ClCompile Include="..\..\WDL\IPlug\IControl.cpp">
      <Filter>IPlug</Filter>
    </ClCompile>
    <ClCompile Include="..\..\WDL\IPlug\IGraphics.cpp">
      <Filter>IPlug</Filter>
    </ClCompile>
    <ClCompile Include="..\..\WDL\IPlug\IGraphicsWin.cpp">
      <Filter>IPlug</Filter>
    </ClCompile>
    <ClCompile Include="..\..\WDL\IPlug\IParam.cpp">
      <Filter>IPlug</Filter>
    </ClCompile>
    <ClCompile Include="..\..\WDL\IPlug\IPlugBase.cpp">
      <Filter>IPlug</Filter>
    </ClCompile>
    <ClCompile Include="..\..\WDL\IPlug\IPlugRTAS.cpp">
      <Filter>IPlug</Filter>
    </ClCompile>
    <ClCompile Include="..\..\WDL\IPlug\IPlugStructs.cpp">
      <Filter>IPlug</Filter>
    </ClCompile>
    <ClCompile Include="..\..\WDL\IPlug\IPopupMenu.cpp">
      <Filter>IPlug</Filter>
    </ClCompile>
    <ClCompile Include="..\..\WDL\IPlug\Log.cpp">
      <Filter>IPlug</Filter>
    </ClCompile>
    <ClCompile Include="..\..\WDL\IPlug\RTAS\IPlugCustomUI.cpp">
      <Filter>IPlug\RTAS</Filter>
    </ClCompile>
    <ClCompile Include="..\..\WDL\IPlug\RTAS\IPlugGroup.cpp">
      <Filter>IPlug\RTAS</Filter>
    </ClCompile>
    <ClCompile Include="..\..\WDL\IPlug\RTAS\IPlugProcess.cpp">
      <Filter>IPlug\RTAS</Filter>
    </ClCompile>
    <ClCompile Include="..\..\WDL\IPlug\RTAS\IPlugProcessRTAS.cpp">
      <Filter>IPlug\RTAS</Filter>
    </ClCompile>
    <ClCompile Include="..\..\WDL\IPlug\RTAS\digicode1.cpp">
      <Filter>IPlug\RTAS\include</Filter>
    </ClCompile>
    <ClCompile Include="..\..\WDL\IPlug\RTAS\digicode2.cpp">
      <Filter>IPlug\RTAS\include</Filter>
    </ClCompile>
    <ClCompile Include="..\..\WDL\IPlug\RTAS\digicode3.cpp">
      <Filter>IPlug\RTAS\include</Filter>
    </ClCompile>
    <ClCompile Include="IPlugGamma.cpp" />
    <ClCompile Include="..\..\WDL\IPlug\RTAS\IPlugProcessAS.cpp">
      <Filter>IPlug\RTAS</Filter>
    </ClCompile>
    <ClCompile Include="Gamma\src\arr.cpp">
      <Filter>Gamma\src</Filter>
    </ClCompile>
    <ClCompile Include="Gamma\src\Conversion.cpp">
      <Filter>Gamma\src</Filter>
    </ClCompile>
    <ClCompile Include="Gamma\src\DFT.cpp">
      <Filter>Gamma\src</Filter>
    </ClCompile>
    <ClCompile Include="Gamma\src\Domain.cpp">
      <Filter>Gamma\src</Filter>
    </ClCompile>
    <ClCompile Include="Gamma\src\FFT_fftpack.cpp">
      <Filter>Gamma\src</Filter>
    </ClCompile>
    <ClCompile Include="Gamma\src\fftpack++1.cpp">
      <Filter>Gamma\src</Filter>
    </ClCompile>
    <ClCompile Include="Gamma\src\fftpack++2.cpp">
      <Filter>Gamma\src</Filter>
    </ClCompile>
    <ClCompile Include="Gamma\src\File.cpp">
      <Filter>Gamma\src</Filter>
    </ClCompile>
    <ClCompile Include="Gamma\src\Print.cpp">
      <Filter>Gamma\src</Filter>
    </ClCompile>
    <ClCompile Include="Gamma\src\Recorder.cpp">
      <Filter>Gamma\src</Filter>
    </ClCompile>
    <ClCompile Include="Gamma\src\scl.cpp">
      <Filter>Gamma\src</Filter>
    </ClCompile>
  </ItemGroup>
  <ItemGroup>
    <None Include="IPlugGamma-rtas.def" />
    <None Include="Gamma\src\fftpack++.inc">
      <Filter>Gamma\src</Filter>
    </None>
  </ItemGroup>
  <ItemGroup>
    <ResourceCompile Include="IPlugGamma.rc" />
  </ItemGroup>
</Project>